
Microsoft Visual Studio Solution File, Format Version 12.00
# Visual Studio 14
VisualStudioVersion = 14.0.23107.0
MinimumVisualStudioVersion = 10.0.40219.1
Project("{FAE04EC0-301F-11D3-BF4B-00C04F79EFBC}") = "iTunesAssistantLib", "iTunesAssistantLib\iTunesAssistantLib.csproj", "{55F59579-624C-4CC9-819A-207D22FC7DF4}"
EndProject
Project("{FAE04EC0-301F-11D3-BF4B-00C04F79EFBC}") = "iTunesAssistant", "iTunesAssistant\iTunesAssistant.csproj", "{82B10DA4-7423-4E55-9CD6-A28A62E374EF}"
EndProject
Project("{FAE04EC0-301F-11D3-BF4B-00C04F79EFBC}") = "iTunesAssistantLibTest", "iTunesAssistantTest\iTunesAssistantLibTest.csproj", "{709DD36D-837A-4900-861F-FE7B9F469E95}"
EndProject
Global
	GlobalSection(SolutionConfigurationPlatforms) = preSolution
		Debug|Any CPU = Debug|Any CPU
		Release|Any CPU = Release|Any CPU
	EndGlobalSection
	GlobalSection(ProjectConfigurationPlatforms) = postSolution
		{55F59579-624C-4CC9-819A-207D22FC7DF4}.Debug|Any CPU.ActiveCfg = Debug|Any CPU
		{55F59579-624C-4CC9-819A-207D22FC7DF4}.Debug|Any CPU.Build.0 = Debug|Any CPU
		{55F59579-624C-4CC9-819A-207D22FC7DF4}.Release|Any CPU.ActiveCfg = Release|Any CPU
		{55F59579-624C-4CC9-819A-207D22FC7DF4}.Release|Any CPU.Build.0 = Release|Any CPU
		{82B10DA4-7423-4E55-9CD6-A28A62E374EF}.Debug|Any CPU.ActiveCfg = Debug|Any CPU
		{82B10DA4-7423-4E55-9CD6-A28A62E374EF}.Debug|Any CPU.Build.0 = Debug|Any CPU
		{82B10DA4-7423-4E55-9CD6-A28A62E374EF}.Release|Any CPU.ActiveCfg = Release|Any CPU
		{82B10DA4-7423-4E55-9CD6-A28A62E374EF}.Release|Any CPU.Build.0 = Release|Any CPU
		{709DD36D-837A-4900-861F-FE7B9F469E95}.Debug|Any CPU.ActiveCfg = Debug|Any CPU
		{709DD36D-837A-4900-861F-FE7B9F469E95}.Debug|Any CPU.Build.0 = Debug|Any CPU
		{709DD36D-837A-4900-861F-FE7B9F469E95}.Release|Any CPU.ActiveCfg = Release|Any CPU
		{709DD36D-837A-4900-861F-FE7B9F469E95}.Release|Any CPU.Build.0 = Release|Any CPU
	EndGlobalSection
	GlobalSection(SolutionProperties) = preSolution
		HideSolutionNode = FALSE
	EndGlobalSection
EndGlobal
